
Microsoft Visual Studio Solution File, Format Version 12.00
# Visual Studio Version 17
VisualStudioVersion = 17.13.35919.96 d17.13
MinimumVisualStudioVersion = 10.0.40219.1
Project("{FAE04EC0-301F-11D3-BF4B-00C04F79EFBC}") = "SmartBook", "SmartBook\SmartBook.csproj", "{614AAF40-0DEC-467E-8581-3849AE1218B9}"
EndProject
Project("{FAE04EC0-301F-11D3-BF4B-00C04F79EFBC}") = "SmartBook.Test", "SmartBook.Test\SmartBook.Test.csproj", "{C5DE84DD-3DC1-4F4D-85B0-1CE03A67695B}"
EndProject
Global
	GlobalSection(SolutionConfigurationPlatforms) = preSolution
		Debug|Any CPU = Debug|Any CPU
		Release|Any CPU = Release|Any CPU
	EndGlobalSection
	GlobalSection(ProjectConfigurationPlatforms) = postSolution
		{614AAF40-0DEC-467E-8581-3849AE1218B9}.Debug|Any CPU.ActiveCfg = Debug|Any CPU
		{614AAF40-0DEC-467E-8581-3849AE1218B9}.Debug|Any CPU.Build.0 = Debug|Any CPU
		{614AAF40-0DEC-467E-8581-3849AE1218B9}.Release|Any CPU.ActiveCfg = Release|Any CPU
		{614AAF40-0DEC-467E-8581-3849AE1218B9}.Release|Any CPU.Build.0 = Release|Any CPU
		{C5DE84DD-3DC1-4F4D-85B0-1CE03A67695B}.Debug|Any CPU.ActiveCfg = Debug|Any CPU
		{C5DE84DD-3DC1-4F4D-85B0-1CE03A67695B}.Debug|Any CPU.Build.0 = Debug|Any CPU
		{C5DE84DD-3DC1-4F4D-85B0-1CE03A67695B}.Release|Any CPU.ActiveCfg = Release|Any CPU
		{C5DE84DD-3DC1-4F4D-85B0-1CE03A67695B}.Release|Any CPU.Build.0 = Release|Any CPU
	EndGlobalSection
	GlobalSection(SolutionProperties) = preSolution
		HideSolutionNode = FALSE
	EndGlobalSection
	GlobalSection(ExtensibilityGlobals) = postSolution
		SolutionGuid = {9B7BE734-7A4E-4153-98AF-3B8A5872F9A0}
	EndGlobalSection
EndGlobal
